
Microsoft Visual Studio Solution File, Format Version 11.00
# Visual Studio 2010
Project("{FAE04EC0-301F-11D3-BF4B-00C04F79EFBC}") = "SharpPcap", "SharpPcap\SharpPcap.csproj", "{24262E52-1304-4A25-8F73-A3B06E40592E}"
EndProject
Project("{FAE04EC0-301F-11D3-BF4B-00C04F79EFBC}") = "Example03.BasicCap", "Examples\Example3.BasicCap\Example03.BasicCap.csproj", "{2B5462B9-068B-46E8-B139-E3B9211A48B1}"
EndProject
Project("{FAE04EC0-301F-11D3-BF4B-00C04F79EFBC}") = "Example04.BasicCapNoCallback", "Examples\Example4.BasicCapNoCallback\Example04.BasicCapNoCallback.csproj", "{2FF8A255-C168-43A9-9D3C-3EBC05127934}"
EndProject
Project("{FAE04EC0-301F-11D3-BF4B-00C04F79EFBC}") = "Example05.PcapFilter", "Examples\Example5.PcapFilter\Example05.PcapFilter.csproj", "{0C90249C-27B2-405D-A375-4729E8420AFD}"
EndProject
Project("{FAE04EC0-301F-11D3-BF4B-00C04F79EFBC}") = "Example06.DumpTCP", "Examples\Example6.DumpTCP\Example06.DumpTCP.csproj", "{A41782A8-6832-4F60-9425-C9A323873B87}"
EndProject
Project("{FAE04EC0-301F-11D3-BF4B-00C04F79EFBC}") = "Example09.SendPacket", "Examples\Example9.SendPacket\Example09.SendPacket.csproj", "{E8EDD26F-B03A-4CDD-B80C-664C7792F56E}"
EndProject
Project("{FAE04EC0-301F-11D3-BF4B-00C04F79EFBC}") = "Example10.SendQueue", "Examples\Example10.SendQueue\Example10.SendQueue.csproj", "{BBF3DECE-E4F5-44BE-BE8C-3016202B17ED}"
EndProject
Project("{FAE04EC0-301F-11D3-BF4B-00C04F79EFBC}") = "Example11.Statistics", "Examples\Example11.Statistics\Example11.Statistics.csproj", "{853D91B2-F70A-4BDA-9297-E9316F50807E}"
EndProject
Project("{FAE04EC0-301F-11D3-BF4B-00C04F79EFBC}") = "Example12.PacketManipulation", "Examples\Example12.PacketManipulation\Example12.PacketManipulation.csproj", "{EF2ADF08-1333-45D4-BD63-8526CDB22E6D}"
EndProject
Project("{FAE04EC0-301F-11D3-BF4B-00C04F79EFBC}") = "Example01.IfList", "Examples\Example1.IfList\Example01.IfList.csproj", "{35085F7F-892E-485F-8BD9-59033DA23DA1}"
EndProject
Project("{FAE04EC0-301F-11D3-BF4B-00C04F79EFBC}") = "Example02.ArpResolve", "Examples\Example2.ArpResolve\Example02.ArpResolve.csproj", "{35085F7F-892E-485F-8BD9-59033DA23DA9}"
EndProject
Project("{FAE04EC0-301F-11D3-BF4B-00C04F79EFBC}") = "QueuingPacketsForBackgroundProcessing", "Examples\QueuingPacketsForBackgroundProcessing\QueuingPacketsForBackgroundProcessing.csproj", "{DD778943-C509-427F-B4EA-F2EA14C651D7}"
EndProject
Project("{FAE04EC0-301F-11D3-BF4B-00C04F79EFBC}") = "MultipleFiltersOnDevice", "Examples\MultipleFiltersOnDevice\MultipleFiltersOnDevice.csproj", "{396D2554-7F7A-4740-A2B7-3E30FBB4983A}"
EndProject
Project("{FAE04EC0-301F-11D3-BF4B-00C04F79EFBC}") = "WakeOnLan", "Examples\WakeOnLan\WakeOnLan.csproj", "{FB52C08D-D2E9-4D06-A3E9-2F2E66972881}"
EndProject
Project("{FAE04EC0-301F-11D3-BF4B-00C04F79EFBC}") = "Test", "Test\Test.csproj", "{24795AED-F26F-4EE7-BCA7-900F54FA5A53}"
EndProject
Project("{FAE04EC0-301F-11D3-BF4B-00C04F79EFBC}") = "WinPcapRemoteCapture", "Examples\WinPcapRemoteCapture\WinPcapRemoteCapture.csproj", "{CCC51D54-EF2A-4064-ADDB-BDA66EB29EF6}"
EndProject
Project("{FAE04EC0-301F-11D3-BF4B-00C04F79EFBC}") = "AirPcapDeviceList", "Examples\AirPcapDeviceList\AirPcapDeviceList.csproj", "{73C63E0F-95D8-4417-AFD0-5678044A6DB1}"
EndProject
Project("{FAE04EC0-301F-11D3-BF4B-00C04F79EFBC}") = "AirPcapLedControl", "Examples\AirPcapLedControl\AirPcapLedControl.csproj", "{85FD3CAD-65B7-4946-9C55-F9ECDC39C301}"
EndProject
Project("{FAE04EC0-301F-11D3-BF4B-00C04F79EFBC}") = "AirPcapBasicCapture", "Examples\AirPcapBasicCapture\AirPcapBasicCapture.csproj", "{2DAD6714-B859-4E69-A7E6-4FB676A13F76}"
EndProject
Project("{FAE04EC0-301F-11D3-BF4B-00C04F79EFBC}") = "AirPcapDeviceInformation", "Examples\AirPcapDeviceInformation\AirPcapDeviceInformation.csproj", "{DC4AC007-C17A-4C04-A4F3-58D2EE5DA48A}"
EndProject
Project("{FAE04EC0-301F-11D3-BF4B-00C04F79EFBC}") = "WinformsExample", "Examples\WinformsExample\WinformsExample.csproj", "{697E9825-B33B-40EB-B335-738E8D113A14}"
EndProject
Project("{FAE04EC0-301F-11D3-BF4B-00C04F79EFBC}") = "ReadingCaptureFile", "Examples\ReadingCaptureFile\ReadingCaptureFile.csproj", "{006A71C0-AB14-49BF-B93D-F4E8C3FB07CA}"
EndProject
Project("{FAE04EC0-301F-11D3-BF4B-00C04F79EFBC}") = "CreatingCaptureFile", "Examples\CreatingCaptureFile\CreatingCaptureFile.csproj", "{91ED0828-B374-479C-9EF7-B1924754C3CD}"
EndProject
Global
	GlobalSection(SolutionConfigurationPlatforms) = preSolution
		Debug|Any CPU = Debug|Any CPU
		Debug|Mixed Platforms = Debug|Mixed Platforms
		Debug|x86 = Debug|x86
		Release|Any CPU = Release|Any CPU
		Release|Mixed Platforms = Release|Mixed Platforms
		Release|x86 = Release|x86
	EndGlobalSection
	GlobalSection(ProjectConfigurationPlatforms) = postSolution
		{006A71C0-AB14-49BF-B93D-F4E8C3FB07CA}.Debug|Any CPU.ActiveCfg = Debug|Any CPU
		{006A71C0-AB14-49BF-B93D-F4E8C3FB07CA}.Debug|Any CPU.Build.0 = Debug|Any CPU
		{006A71C0-AB14-49BF-B93D-F4E8C3FB07CA}.Debug|Mixed Platforms.ActiveCfg = Debug|Any CPU
		{006A71C0-AB14-49BF-B93D-F4E8C3FB07CA}.Debug|Mixed Platforms.Build.0 = Debug|Any CPU
		{006A71C0-AB14-49BF-B93D-F4E8C3FB07CA}.Debug|x86.ActiveCfg = Debug|Any CPU
		{006A71C0-AB14-49BF-B93D-F4E8C3FB07CA}.Debug|x86.Build.0 = Debug|Any CPU
		{006A71C0-AB14-49BF-B93D-F4E8C3FB07CA}.Release|Any CPU.ActiveCfg = Release|Any CPU
		{006A71C0-AB14-49BF-B93D-F4E8C3FB07CA}.Release|Any CPU.Build.0 = Release|Any CPU
		{006A71C0-AB14-49BF-B93D-F4E8C3FB07CA}.Release|Mixed Platforms.ActiveCfg = Release|Any CPU
		{006A71C0-AB14-49BF-B93D-F4E8C3FB07CA}.Release|Mixed Platforms.Build.0 = Release|Any CPU
		{006A71C0-AB14-49BF-B93D-F4E8C3FB07CA}.Release|x86.ActiveCfg = Release|Any CPU
		{006A71C0-AB14-49BF-B93D-F4E8C3FB07CA}.Release|x86.Build.0 = Release|Any CPU
		{0C90249C-27B2-405D-A375-4729E8420AFD}.Debug|Any CPU.ActiveCfg = Debug|Any CPU
		{0C90249C-27B2-405D-A375-4729E8420AFD}.Debug|Any CPU.Build.0 = Debug|Any CPU
		{0C90249C-27B2-405D-A375-4729E8420AFD}.Debug|Mixed Platforms.ActiveCfg = Debug|Any CPU
		{0C90249C-27B2-405D-A375-4729E8420AFD}.Debug|Mixed Platforms.Build.0 = Debug|Any CPU
		{0C90249C-27B2-405D-A375-4729E8420AFD}.Debug|x86.ActiveCfg = Debug|Any CPU
		{0C90249C-27B2-405D-A375-4729E8420AFD}.Release|Any CPU.ActiveCfg = Release|Any CPU
		{0C90249C-27B2-405D-A375-4729E8420AFD}.Release|Any CPU.Build.0 = Release|Any CPU
		{0C90249C-27B2-405D-A375-4729E8420AFD}.Release|Mixed Platforms.ActiveCfg = Release|Any CPU
		{0C90249C-27B2-405D-A375-4729E8420AFD}.Release|Mixed Platforms.Build.0 = Release|Any CPU
		{0C90249C-27B2-405D-A375-4729E8420AFD}.Release|x86.ActiveCfg = Release|Any CPU
		{24262E52-1304-4A25-8F73-A3B06E40592E}.Debug|Any CPU.ActiveCfg = Debug|Any CPU
		{24262E52-1304-4A25-8F73-A3B06E40592E}.Debug|Any CPU.Build.0 = Debug|Any CPU
		{24262E52-1304-4A25-8F73-A3B06E40592E}.Debug|Mixed Platforms.ActiveCfg = Debug|Any CPU
		{24262E52-1304-4A25-8F73-A3B06E40592E}.Debug|Mixed Platforms.Build.0 = Debug|Any CPU
		{24262E52-1304-4A25-8F73-A3B06E40592E}.Debug|x86.ActiveCfg = Debug|Any CPU
		{24262E52-1304-4A25-8F73-A3B06E40592E}.Release|Any CPU.ActiveCfg = Release|Any CPU
		{24262E52-1304-4A25-8F73-A3B06E40592E}.Release|Any CPU.Build.0 = Release|Any CPU
		{24262E52-1304-4A25-8F73-A3B06E40592E}.Release|Mixed Platforms.ActiveCfg = Release|Any CPU
		{24262E52-1304-4A25-8F73-A3B06E40592E}.Release|Mixed Platforms.Build.0 = Release|Any CPU
		{24262E52-1304-4A25-8F73-A3B06E40592E}.Release|x86.ActiveCfg = Release|Any CPU
		{24795AED-F26F-4EE7-BCA7-900F54FA5A53}.Debug|Any CPU.ActiveCfg = Debug|Any CPU
		{24795AED-F26F-4EE7-BCA7-900F54FA5A53}.Debug|Any CPU.Build.0 = Debug|Any CPU
		{24795AED-F26F-4EE7-BCA7-900F54FA5A53}.Debug|Mixed Platforms.ActiveCfg = Debug|Any CPU
		{24795AED-F26F-4EE7-BCA7-900F54FA5A53}.Debug|Mixed Platforms.Build.0 = Debug|Any CPU
		{24795AED-F26F-4EE7-BCA7-900F54FA5A53}.Debug|x86.ActiveCfg = Debug|Any CPU
		{24795AED-F26F-4EE7-BCA7-900F54FA5A53}.Release|Any CPU.ActiveCfg = Release|Any CPU
		{24795AED-F26F-4EE7-BCA7-900F54FA5A53}.Release|Any CPU.Build.0 = Release|Any CPU
		{24795AED-F26F-4EE7-BCA7-900F54FA5A53}.Release|Mixed Platforms.ActiveCfg = Release|Any CPU
		{24795AED-F26F-4EE7-BCA7-900F54FA5A53}.Release|Mixed Platforms.Build.0 = Release|Any CPU
		{24795AED-F26F-4EE7-BCA7-900F54FA5A53}.Release|x86.ActiveCfg = Release|Any CPU
		{2B5462B9-068B-46E8-B139-E3B9211A48B1}.Debug|Any CPU.ActiveCfg = Debug|Any CPU
		{2B5462B9-068B-46E8-B139-E3B9211A48B1}.Debug|Any CPU.Build.0 = Debug|Any CPU
		{2B5462B9-068B-46E8-B139-E3B9211A48B1}.Debug|Mixed Platforms.ActiveCfg = Debug|Any CPU
		{2B5462B9-068B-46E8-B139-E3B9211A48B1}.Debug|Mixed Platforms.Build.0 = Debug|Any CPU
		{2B5462B9-068B-46E8-B139-E3B9211A48B1}.Debug|x86.ActiveCfg = Debug|Any CPU
		{2B5462B9-068B-46E8-B139-E3B9211A48B1}.Release|Any CPU.ActiveCfg = Release|Any CPU
		{2B5462B9-068B-46E8-B139-E3B9211A48B1}.Release|Any CPU.Build.0 = Release|Any CPU
		{2B5462B9-068B-46E8-B139-E3B9211A48B1}.Release|Mixed Platforms.ActiveCfg = Release|Any CPU
		{2B5462B9-068B-46E8-B139-E3B9211A48B1}.Release|Mixed Platforms.Build.0 = Release|Any CPU
		{2B5462B9-068B-46E8-B139-E3B9211A48B1}.Release|x86.ActiveCfg = Release|Any CPU
		{2DAD6714-B859-4E69-A7E6-4FB676A13F76}.Debug|Any CPU.ActiveCfg = Debug|Any CPU
		{2DAD6714-B859-4E69-A7E6-4FB676A13F76}.Debug|Any CPU.Build.0 = Debug|Any CPU
		{2DAD6714-B859-4E69-A7E6-4FB676A13F76}.Debug|Mixed Platforms.ActiveCfg = Debug|Any CPU
		{2DAD6714-B859-4E69-A7E6-4FB676A13F76}.Debug|Mixed Platforms.Build.0 = Debug|Any CPU
		{2DAD6714-B859-4E69-A7E6-4FB676A13F76}.Debug|x86.ActiveCfg = Debug|Any CPU
		{2DAD6714-B859-4E69-A7E6-4FB676A13F76}.Release|Any CPU.ActiveCfg = Release|Any CPU
		{2DAD6714-B859-4E69-A7E6-4FB676A13F76}.Release|Any CPU.Build.0 = Release|Any CPU
		{2DAD6714-B859-4E69-A7E6-4FB676A13F76}.Release|Mixed Platforms.ActiveCfg = Release|Any CPU
		{2DAD6714-B859-4E69-A7E6-4FB676A13F76}.Release|Mixed Platforms.Build.0 = Release|Any CPU
		{2DAD6714-B859-4E69-A7E6-4FB676A13F76}.Release|x86.ActiveCfg = Release|Any CPU
		{2FF8A255-C168-43A9-9D3C-3EBC05127934}.Debug|Any CPU.ActiveCfg = Debug|Any CPU
		{2FF8A255-C168-43A9-9D3C-3EBC05127934}.Debug|Any CPU.Build.0 = Debug|Any CPU
		{2FF8A255-C168-43A9-9D3C-3EBC05127934}.Debug|Mixed Platforms.ActiveCfg = Debug|Any CPU
		{2FF8A255-C168-43A9-9D3C-3EBC05127934}.Debug|Mixed Platforms.Build.0 = Debug|Any CPU
		{2FF8A255-C168-43A9-9D3C-3EBC05127934}.Debug|x86.ActiveCfg = Debug|Any CPU
		{2FF8A255-C168-43A9-9D3C-3EBC05127934}.Release|Any CPU.ActiveCfg = Release|Any CPU
		{2FF8A255-C168-43A9-9D3C-3EBC05127934}.Release|Any CPU.Build.0 = Release|Any CPU
		{2FF8A255-C168-43A9-9D3C-3EBC05127934}.Release|Mixed Platforms.ActiveCfg = Release|Any CPU
		{2FF8A255-C168-43A9-9D3C-3EBC05127934}.Release|Mixed Platforms.Build.0 = Release|Any CPU
		{2FF8A255-C168-43A9-9D3C-3EBC05127934}.Release|x86.ActiveCfg = Release|Any CPU
		{35085F7F-892E-485F-8BD9-59033DA23DA1}.Debug|Any CPU.ActiveCfg = Debug|Any CPU
		{35085F7F-892E-485F-8BD9-59033DA23DA1}.Debug|Any CPU.Build.0 = Debug|Any CPU
		{35085F7F-892E-485F-8BD9-59033DA23DA1}.Debug|Mixed Platforms.ActiveCfg = Debug|Any CPU
		{35085F7F-892E-485F-8BD9-59033DA23DA1}.Debug|Mixed Platforms.Build.0 = Debug|Any CPU
		{35085F7F-892E-485F-8BD9-59033DA23DA1}.Debug|x86.ActiveCfg = Debug|Any CPU
		{35085F7F-892E-485F-8BD9-59033DA23DA1}.Release|Any CPU.ActiveCfg = Release|Any CPU
		{35085F7F-892E-485F-8BD9-59033DA23DA1}.Release|Any CPU.Build.0 = Release|Any CPU
		{35085F7F-892E-485F-8BD9-59033DA23DA1}.Release|Mixed Platforms.ActiveCfg = Release|Any CPU
		{35085F7F-892E-485F-8BD9-59033DA23DA1}.Release|Mixed Platforms.Build.0 = Release|Any CPU
		{35085F7F-892E-485F-8BD9-59033DA23DA1}.Release|x86.ActiveCfg = Release|Any CPU
		{35085F7F-892E-485F-8BD9-59033DA23DA9}.Debug|Any CPU.ActiveCfg = Debug|Any CPU
		{35085F7F-892E-485F-8BD9-59033DA23DA9}.Debug|Any CPU.Build.0 = Debug|Any CPU
		{35085F7F-892E-485F-8BD9-59033DA23DA9}.Debug|Mixed Platforms.ActiveCfg = Debug|Any CPU
		{35085F7F-892E-485F-8BD9-59033DA23DA9}.Debug|Mixed Platforms.Build.0 = Debug|Any CPU
		{35085F7F-892E-485F-8BD9-59033DA23DA9}.Debug|x86.ActiveCfg = Debug|Any CPU
		{35085F7F-892E-485F-8BD9-59033DA23DA9}.Release|Any CPU.ActiveCfg = Release|Any CPU
		{35085F7F-892E-485F-8BD9-59033DA23DA9}.Release|Any CPU.Build.0 = Release|Any CPU
		{35085F7F-892E-485F-8BD9-59033DA23DA9}.Release|Mixed Platforms.ActiveCfg = Release|Any CPU
		{35085F7F-892E-485F-8BD9-59033DA23DA9}.Release|Mixed Platforms.Build.0 = Release|Any CPU
		{35085F7F-892E-485F-8BD9-59033DA23DA9}.Release|x86.ActiveCfg = Release|Any CPU
		{396D2554-7F7A-4740-A2B7-3E30FBB4983A}.Debug|Any CPU.ActiveCfg = Debug|Any CPU
		{396D2554-7F7A-4740-A2B7-3E30FBB4983A}.Debug|Any CPU.Build.0 = Debug|Any CPU
		{396D2554-7F7A-4740-A2B7-3E30FBB4983A}.Debug|Mixed Platforms.ActiveCfg = Debug|Any CPU
		{396D2554-7F7A-4740-A2B7-3E30FBB4983A}.Debug|Mixed Platforms.Build.0 = Debug|Any CPU
		{396D2554-7F7A-4740-A2B7-3E30FBB4983A}.Debug|x86.ActiveCfg = Debug|Any CPU
		{396D2554-7F7A-4740-A2B7-3E30FBB4983A}.Release|Any CPU.ActiveCfg = Release|Any CPU
		{396D2554-7F7A-4740-A2B7-3E30FBB4983A}.Release|Any CPU.Build.0 = Release|Any CPU
		{396D2554-7F7A-4740-A2B7-3E30FBB4983A}.Release|Mixed Platforms.ActiveCfg = Release|Any CPU
		{396D2554-7F7A-4740-A2B7-3E30FBB4983A}.Release|Mixed Platforms.Build.0 = Release|Any CPU
		{396D2554-7F7A-4740-A2B7-3E30FBB4983A}.Release|x86.ActiveCfg = Release|Any CPU
		{697E9825-B33B-40EB-B335-738E8D113A14}.Debug|Any CPU.ActiveCfg = Debug|Any CPU
		{697E9825-B33B-40EB-B335-738E8D113A14}.Debug|Any CPU.Build.0 = Debug|Any CPU
		{697E9825-B33B-40EB-B335-738E8D113A14}.Debug|Mixed Platforms.ActiveCfg = Debug|Any CPU
		{697E9825-B33B-40EB-B335-738E8D113A14}.Debug|Mixed Platforms.Build.0 = Debug|Any CPU
		{697E9825-B33B-40EB-B335-738E8D113A14}.Debug|x86.ActiveCfg = Debug|Any CPU
		{697E9825-B33B-40EB-B335-738E8D113A14}.Release|Any CPU.ActiveCfg = Release|Any CPU
		{697E9825-B33B-40EB-B335-738E8D113A14}.Release|Any CPU.Build.0 = Release|Any CPU
		{697E9825-B33B-40EB-B335-738E8D113A14}.Release|Mixed Platforms.ActiveCfg = Release|Any CPU
		{697E9825-B33B-40EB-B335-738E8D113A14}.Release|Mixed Platforms.Build.0 = Release|Any CPU
		{697E9825-B33B-40EB-B335-738E8D113A14}.Release|x86.ActiveCfg = Release|Any CPU
		{73C63E0F-95D8-4417-AFD0-5678044A6DB1}.Debug|Any CPU.ActiveCfg = Debug|Any CPU
		{73C63E0F-95D8-4417-AFD0-5678044A6DB1}.Debug|Any CPU.Build.0 = Debug|Any CPU
		{73C63E0F-95D8-4417-AFD0-5678044A6DB1}.Debug|Mixed Platforms.ActiveCfg = Debug|Any CPU
		{73C63E0F-95D8-4417-AFD0-5678044A6DB1}.Debug|Mixed Platforms.Build.0 = Debug|Any CPU
		{73C63E0F-95D8-4417-AFD0-5678044A6DB1}.Debug|x86.ActiveCfg = Debug|Any CPU
		{73C63E0F-95D8-4417-AFD0-5678044A6DB1}.Release|Any CPU.ActiveCfg = Release|Any CPU
		{73C63E0F-95D8-4417-AFD0-5678044A6DB1}.Release|Any CPU.Build.0 = Release|Any CPU
		{73C63E0F-95D8-4417-AFD0-5678044A6DB1}.Release|Mixed Platforms.ActiveCfg = Release|Any CPU
		{73C63E0F-95D8-4417-AFD0-5678044A6DB1}.Release|Mixed Platforms.Build.0 = Release|Any CPU
		{73C63E0F-95D8-4417-AFD0-5678044A6DB1}.Release|x86.ActiveCfg = Release|Any CPU
		{853D91B2-F70A-4BDA-9297-E9316F50807E}.Debug|Any CPU.ActiveCfg = Debug|Any CPU
		{853D91B2-F70A-4BDA-9297-E9316F50807E}.Debug|Any CPU.Build.0 = Debug|Any CPU
		{853D91B2-F70A-4BDA-9297-E9316F50807E}.Debug|Mixed Platforms.ActiveCfg = Debug|Any CPU
		{853D91B2-F70A-4BDA-9297-E9316F50807E}.Debug|Mixed Platforms.Build.0 = Debug|Any CPU
		{853D91B2-F70A-4BDA-9297-E9316F50807E}.Debug|x86.ActiveCfg = Debug|Any CPU
		{853D91B2-F70A-4BDA-9297-E9316F50807E}.Release|Any CPU.ActiveCfg = Release|Any CPU
		{853D91B2-F70A-4BDA-9297-E9316F50807E}.Release|Any CPU.Build.0 = Release|Any CPU
		{853D91B2-F70A-4BDA-9297-E9316F50807E}.Release|Mixed Platforms.ActiveCfg = Release|Any CPU
		{853D91B2-F70A-4BDA-9297-E9316F50807E}.Release|Mixed Platforms.Build.0 = Release|Any CPU
		{853D91B2-F70A-4BDA-9297-E9316F50807E}.Release|x86.ActiveCfg = Release|Any CPU
		{85FD3CAD-65B7-4946-9C55-F9ECDC39C301}.Debug|Any CPU.ActiveCfg = Debug|Any CPU
		{85FD3CAD-65B7-4946-9C55-F9ECDC39C301}.Debug|Any CPU.Build.0 = Debug|Any CPU
		{85FD3CAD-65B7-4946-9C55-F9ECDC39C301}.Debug|Mixed Platforms.ActiveCfg = Debug|Any CPU
		{85FD3CAD-65B7-4946-9C55-F9ECDC39C301}.Debug|Mixed Platforms.Build.0 = Debug|Any CPU
		{85FD3CAD-65B7-4946-9C55-F9ECDC39C301}.Debug|x86.ActiveCfg = Debug|Any CPU
		{85FD3CAD-65B7-4946-9C55-F9ECDC39C301}.Release|Any CPU.ActiveCfg = Release|Any CPU
		{85FD3CAD-65B7-4946-9C55-F9ECDC39C301}.Release|Any CPU.Build.0 = Release|Any CPU
		{85FD3CAD-65B7-4946-9C55-F9ECDC39C301}.Release|Mixed Platforms.ActiveCfg = Release|Any CPU
		{85FD3CAD-65B7-4946-9C55-F9ECDC39C301}.Release|Mixed Platforms.Build.0 = Release|Any CPU
		{85FD3CAD-65B7-4946-9C55-F9ECDC39C301}.Release|x86.ActiveCfg = Release|Any CPU
		{91ED0828-B374-479C-9EF7-B1924754C3CD}.Debug|Any CPU.ActiveCfg = Debug|Any CPU
		{91ED0828-B374-479C-9EF7-B1924754C3CD}.Debug|Any CPU.Build.0 = Debug|Any CPU
		{91ED0828-B374-479C-9EF7-B1924754C3CD}.Debug|Mixed Platforms.ActiveCfg = Debug|Any CPU
		{91ED0828-B374-479C-9EF7-B1924754C3CD}.Debug|Mixed Platforms.Build.0 = Debug|Any CPU
		{91ED0828-B374-479C-9EF7-B1924754C3CD}.Debug|x86.ActiveCfg = Debug|Any CPU
		{91ED0828-B374-479C-9EF7-B1924754C3CD}.Debug|x86.Build.0 = Debug|Any CPU
		{91ED0828-B374-479C-9EF7-B1924754C3CD}.Release|Any CPU.ActiveCfg = Release|Any CPU
		{91ED0828-B374-479C-9EF7-B1924754C3CD}.Release|Any CPU.Build.0 = Release|Any CPU
		{91ED0828-B374-479C-9EF7-B1924754C3CD}.Release|Mixed Platforms.ActiveCfg = Release|Any CPU
		{91ED0828-B374-479C-9EF7-B1924754C3CD}.Release|Mixed Platforms.Build.0 = Release|Any CPU
		{91ED0828-B374-479C-9EF7-B1924754C3CD}.Release|x86.ActiveCfg = Release|Any CPU
		{91ED0828-B374-479C-9EF7-B1924754C3CD}.Release|x86.Build.0 = Release|Any CPU
		{A41782A8-6832-4F60-9425-C9A323873B87}.Debug|Any CPU.ActiveCfg = Debug|Any CPU
		{A41782A8-6832-4F60-9425-C9A323873B87}.Debug|Any CPU.Build.0 = Debug|Any CPU
		{A41782A8-6832-4F60-9425-C9A323873B87}.Debug|Mixed Platforms.ActiveCfg = Debug|Any CPU
		{A41782A8-6832-4F60-9425-C9A323873B87}.Debug|Mixed Platforms.Build.0 = Debug|Any CPU
		{A41782A8-6832-4F60-9425-C9A323873B87}.Debug|x86.ActiveCfg = Debug|Any CPU
		{A41782A8-6832-4F60-9425-C9A323873B87}.Release|Any CPU.ActiveCfg = Release|Any CPU
		{A41782A8-6832-4F60-9425-C9A323873B87}.Release|Any CPU.Build.0 = Release|Any CPU
		{A41782A8-6832-4F60-9425-C9A323873B87}.Release|Mixed Platforms.ActiveCfg = Release|Any CPU
		{A41782A8-6832-4F60-9425-C9A323873B87}.Release|Mixed Platforms.Build.0 = Release|Any CPU
		{A41782A8-6832-4F60-9425-C9A323873B87}.Release|x86.ActiveCfg = Release|Any CPU
		{BBF3DECE-E4F5-44BE-BE8C-3016202B17ED}.Debug|Any CPU.ActiveCfg = Debug|Any CPU
		{BBF3DECE-E4F5-44BE-BE8C-3016202B17ED}.Debug|Any CPU.Build.0 = Debug|Any CPU
		{BBF3DECE-E4F5-44BE-BE8C-3016202B17ED}.Debug|Mixed Platforms.ActiveCfg = Debug|Any CPU
		{BBF3DECE-E4F5-44BE-BE8C-3016202B17ED}.Debug|Mixed Platforms.Build.0 = Debug|Any CPU
		{BBF3DECE-E4F5-44BE-BE8C-3016202B17ED}.Debug|x86.ActiveCfg = Debug|Any CPU
		{BBF3DECE-E4F5-44BE-BE8C-3016202B17ED}.Release|Any CPU.ActiveCfg = Release|Any CPU
		{BBF3DECE-E4F5-44BE-BE8C-3016202B17ED}.Release|Any CPU.Build.0 = Release|Any CPU
		{BBF3DECE-E4F5-44BE-BE8C-3016202B17ED}.Release|Mixed Platforms.ActiveCfg = Release|Any CPU
		{BBF3DECE-E4F5-44BE-BE8C-3016202B17ED}.Release|Mixed Platforms.Build.0 = Release|Any CPU
		{BBF3DECE-E4F5-44BE-BE8C-3016202B17ED}.Release|x86.ActiveCfg = Release|Any CPU
		{CCC51D54-EF2A-4064-ADDB-BDA66EB29EF6}.Debug|Any CPU.ActiveCfg = Debug|Any CPU
		{CCC51D54-EF2A-4064-ADDB-BDA66EB29EF6}.Debug|Any CPU.Build.0 = Debug|Any CPU
		{CCC51D54-EF2A-4064-ADDB-BDA66EB29EF6}.Debug|Mixed Platforms.ActiveCfg = Debug|Any CPU
		{CCC51D54-EF2A-4064-ADDB-BDA66EB29EF6}.Debug|Mixed Platforms.Build.0 = Debug|Any CPU
		{CCC51D54-EF2A-4064-ADDB-BDA66EB29EF6}.Debug|x86.ActiveCfg = Debug|Any CPU
		{CCC51D54-EF2A-4064-ADDB-BDA66EB29EF6}.Release|Any CPU.ActiveCfg = Release|Any CPU
		{CCC51D54-EF2A-4064-ADDB-BDA66EB29EF6}.Release|Any CPU.Build.0 = Release|Any CPU
		{CCC51D54-EF2A-4064-ADDB-BDA66EB29EF6}.Release|Mixed Platforms.ActiveCfg = Release|Any CPU
		{CCC51D54-EF2A-4064-ADDB-BDA66EB29EF6}.Release|Mixed Platforms.Build.0 = Release|Any CPU
		{CCC51D54-EF2A-4064-ADDB-BDA66EB29EF6}.Release|x86.ActiveCfg = Release|Any CPU
		{DC4AC007-C17A-4C04-A4F3-58D2EE5DA48A}.Debug|Any CPU.ActiveCfg = Debug|Any CPU
		{DC4AC007-C17A-4C04-A4F3-58D2EE5DA48A}.Debug|Any CPU.Build.0 = Debug|Any CPU
		{DC4AC007-C17A-4C04-A4F3-58D2EE5DA48A}.Debug|Mixed Platforms.ActiveCfg = Debug|Any CPU
		{DC4AC007-C17A-4C04-A4F3-58D2EE5DA48A}.Debug|Mixed Platforms.Build.0 = Debug|Any CPU
		{DC4AC007-C17A-4C04-A4F3-58D2EE5DA48A}.Debug|x86.ActiveCfg = Debug|Any CPU
		{DC4AC007-C17A-4C04-A4F3-58D2EE5DA48A}.Release|Any CPU.ActiveCfg = Release|Any CPU
		{DC4AC007-C17A-4C04-A4F3-58D2EE5DA48A}.Release|Any CPU.Build.0 = Release|Any CPU
		{DC4AC007-C17A-4C04-A4F3-58D2EE5DA48A}.Release|Mixed Platforms.ActiveCfg = Release|Any CPU
		{DC4AC007-C17A-4C04-A4F3-58D2EE5DA48A}.Release|Mixed Platforms.Build.0 = Release|Any CPU
		{DC4AC007-C17A-4C04-A4F3-58D2EE5DA48A}.Release|x86.ActiveCfg = Release|Any CPU
		{DD778943-C509-427F-B4EA-F2EA14C651D7}.Debug|Any CPU.ActiveCfg = Debug|Any CPU
		{DD778943-C509-427F-B4EA-F2EA14C651D7}.Debug|Any CPU.Build.0 = Debug|Any CPU
		{DD778943-C509-427F-B4EA-F2EA14C651D7}.Debug|Mixed Platforms.ActiveCfg = Debug|Any CPU
		{DD778943-C509-427F-B4EA-F2EA14C651D7}.Debug|Mixed Platforms.Build.0 = Debug|Any CPU
		{DD778943-C509-427F-B4EA-F2EA14C651D7}.Debug|x86.ActiveCfg = Debug|Any CPU
		{DD778943-C509-427F-B4EA-F2EA14C651D7}.Release|Any CPU.ActiveCfg = Release|Any CPU
		{DD778943-C509-427F-B4EA-F2EA14C651D7}.Release|Any CPU.Build.0 = Release|Any CPU
		{DD778943-C509-427F-B4EA-F2EA14C651D7}.Release|Mixed Platforms.ActiveCfg = Release|Any CPU
		{DD778943-C509-427F-B4EA-F2EA14C651D7}.Release|Mixed Platforms.Build.0 = Release|Any CPU
		{DD778943-C509-427F-B4EA-F2EA14C651D7}.Release|x86.ActiveCfg = Release|Any CPU
		{E8EDD26F-B03A-4CDD-B80C-664C7792F56E}.Debug|Any CPU.ActiveCfg = Debug|Any CPU
		{E8EDD26F-B03A-4CDD-B80C-664C7792F56E}.Debug|Any CPU.Build.0 = Debug|Any CPU
		{E8EDD26F-B03A-4CDD-B80C-664C7792F56E}.Debug|Mixed Platforms.ActiveCfg = Debug|Any CPU
		{E8EDD26F-B03A-4CDD-B80C-664C7792F56E}.Debug|Mixed Platforms.Build.0 = Debug|Any CPU
		{E8EDD26F-B03A-4CDD-B80C-664C7792F56E}.Debug|x86.ActiveCfg = Debug|Any CPU
		{E8EDD26F-B03A-4CDD-B80C-664C7792F56E}.Release|Any CPU.ActiveCfg = Release|Any CPU
		{E8EDD26F-B03A-4CDD-B80C-664C7792F56E}.Release|Any CPU.Build.0 = Release|Any CPU
		{E8EDD26F-B03A-4CDD-B80C-664C7792F56E}.Release|Mixed Platforms.ActiveCfg = Release|Any CPU
		{E8EDD26F-B03A-4CDD-B80C-664C7792F56E}.Release|Mixed Platforms.Build.0 = Release|Any CPU
		{E8EDD26F-B03A-4CDD-B80C-664C7792F56E}.Release|x86.ActiveCfg = Release|Any CPU
		{EF2ADF08-1333-45D4-BD63-8526CDB22E6D}.Debug|Any CPU.ActiveCfg = Debug|Any CPU
		{EF2ADF08-1333-45D4-BD63-8526CDB22E6D}.Debug|Any CPU.Build.0 = Debug|Any CPU
		{EF2ADF08-1333-45D4-BD63-8526CDB22E6D}.Debug|Mixed Platforms.ActiveCfg = Debug|Any CPU
		{EF2ADF08-1333-45D4-BD63-8526CDB22E6D}.Debug|Mixed Platforms.Build.0 = Debug|Any CPU
		{EF2ADF08-1333-45D4-BD63-8526CDB22E6D}.Debug|x86.ActiveCfg = Debug|Any CPU
		{EF2ADF08-1333-45D4-BD63-8526CDB22E6D}.Release|Any CPU.ActiveCfg = Release|Any CPU
		{EF2ADF08-1333-45D4-BD63-8526CDB22E6D}.Release|Any CPU.Build.0 = Release|Any CPU
		{EF2ADF08-1333-45D4-BD63-8526CDB22E6D}.Release|Mixed Platforms.ActiveCfg = Release|Any CPU
		{EF2ADF08-1333-45D4-BD63-8526CDB22E6D}.Release|Mixed Platforms.Build.0 = Release|Any CPU
		{EF2ADF08-1333-45D4-BD63-8526CDB22E6D}.Release|x86.ActiveCfg = Release|Any CPU
		{FB52C08D-D2E9-4D06-A3E9-2F2E66972881}.Debug|Any CPU.ActiveCfg = Debug|Any CPU
		{FB52C08D-D2E9-4D06-A3E9-2F2E66972881}.Debug|Any CPU.Build.0 = Debug|Any CPU
		{FB52C08D-D2E9-4D06-A3E9-2F2E66972881}.Debug|Mixed Platforms.ActiveCfg = Debug|Any CPU
		{FB52C08D-D2E9-4D06-A3E9-2F2E66972881}.Debug|Mixed Platforms.Build.0 = Debug|Any CPU
		{FB52C08D-D2E9-4D06-A3E9-2F2E66972881}.Debug|x86.ActiveCfg = Debug|Any CPU
		{FB52C08D-D2E9-4D06-A3E9-2F2E66972881}.Release|Any CPU.ActiveCfg = Release|Any CPU
		{FB52C08D-D2E9-4D06-A3E9-2F2E66972881}.Release|Any CPU.Build.0 = Release|Any CPU
		{FB52C08D-D2E9-4D06-A3E9-2F2E66972881}.Release|Mixed Platforms.ActiveCfg = Release|Any CPU
		{FB52C08D-D2E9-4D06-A3E9-2F2E66972881}.Release|x86.ActiveCfg = Release|Any CPU
	EndGlobalSection
	GlobalSection(MonoDevelopProperties) = preSolution
		StartupItem = SharpPcap\SharpPcap.csproj
		Policies = $0
		$0.TextStylePolicy = $1
		$1.inheritsSet = null
		$1.scope = text/x-csharp
		$0.CSharpFormattingPolicy = $2
		$2.inheritsSet = Mono
		$2.inheritsScope = text/x-csharp
		$2.scope = text/x-csharp
		$0.TextStylePolicy = $3
		$3.FileWidth = 120
		$3.NoTabsAfterNonTabs = True
		$3.RemoveTrailingWhitespace = True
		$3.inheritsSet = VisualStudio
		$3.inheritsScope = text/plain
		$3.scope = text/plain
	EndGlobalSection
	GlobalSection(SolutionProperties) = preSolution
		HideSolutionNode = FALSE
	EndGlobalSection
EndGlobal
